
Microsoft Visual Studio Solution File, Format Version 12.00
# Visual Studio Version 16
VisualStudioVersion = 16.0.30320.27
MinimumVisualStudioVersion = 10.0.40219.1
Project("{FAE04EC0-301F-11D3-BF4B-00C04F79EFBC}") = "Using", "Using\Using.csproj", "{F7679316-B203-4B4F-AA72-7151DA6A9B54}"
EndProject
Global
	GlobalSection(SolutionConfigurationPlatforms) = preSolution
		Debug|Any CPU = Debug|Any CPU
		Release|Any CPU = Release|Any CPU
	EndGlobalSection
	GlobalSection(ProjectConfigurationPlatforms) = postSolution
		{F7679316-B203-4B4F-AA72-7151DA6A9B54}.Debug|Any CPU.ActiveCfg = Debug|Any CPU
		{F7679316-B203-4B4F-AA72-7151DA6A9B54}.Debug|Any CPU.Build.0 = Debug|Any CPU
		{F7679316-B203-4B4F-AA72-7151DA6A9B54}.Release|Any CPU.ActiveCfg = Release|Any CPU
		{F7679316-B203-4B4F-AA72-7151DA6A9B54}.Release|Any CPU.Build.0 = Release|Any CPU
	EndGlobalSection
	GlobalSection(SolutionProperties) = preSolution
		HideSolutionNode = FALSE
	EndGlobalSection
	GlobalSection(ExtensibilityGlobals) = postSolution
		SolutionGuid = {C4EFBBD1-90AF-440E-AD84-B00833C413BF}
	EndGlobalSection
EndGlobal
