
Microsoft Visual Studio Solution File, Format Version 12.00
# Visual Studio Version 16
VisualStudioVersion = 16.0.30320.27
MinimumVisualStudioVersion = 10.0.40219.1
Project("{FAE04EC0-301F-11D3-BF4B-00C04F79EFBC}") = "IfThenElse", "IfThenElse\IfThenElse.csproj", "{E40764C2-EF5C-4D74-A118-DA4E1BEF155F}"
EndProject
Global
	GlobalSection(SolutionConfigurationPlatforms) = preSolution
		Debug|Any CPU = Debug|Any CPU
		Release|Any CPU = Release|Any CPU
	EndGlobalSection
	GlobalSection(ProjectConfigurationPlatforms) = postSolution
		{E40764C2-EF5C-4D74-A118-DA4E1BEF155F}.Debug|Any CPU.ActiveCfg = Debug|Any CPU
		{E40764C2-EF5C-4D74-A118-DA4E1BEF155F}.Debug|Any CPU.Build.0 = Debug|Any CPU
		{E40764C2-EF5C-4D74-A118-DA4E1BEF155F}.Release|Any CPU.ActiveCfg = Release|Any CPU
		{E40764C2-EF5C-4D74-A118-DA4E1BEF155F}.Release|Any CPU.Build.0 = Release|Any CPU
	EndGlobalSection
	GlobalSection(SolutionProperties) = preSolution
		HideSolutionNode = FALSE
	EndGlobalSection
	GlobalSection(ExtensibilityGlobals) = postSolution
		SolutionGuid = {705D7262-4F58-47FE-A5DD-E71CB68ED52F}
	EndGlobalSection
EndGlobal
