
Microsoft Visual Studio Solution File, Format Version 12.00
# Visual Studio Version 16
VisualStudioVersion = 16.0.30320.27
MinimumVisualStudioVersion = 10.0.40219.1
Project("{FAE04EC0-301F-11D3-BF4B-00C04F79EFBC}") = "AddDLL", "AddDLL\AddDLL.csproj", "{1067E99F-ED05-4CC6-B951-E96970C199EB}"
EndProject
Global
	GlobalSection(SolutionConfigurationPlatforms) = preSolution
		Debug|Any CPU = Debug|Any CPU
		Release|Any CPU = Release|Any CPU
	EndGlobalSection
	GlobalSection(ProjectConfigurationPlatforms) = postSolution
		{1067E99F-ED05-4CC6-B951-E96970C199EB}.Debug|Any CPU.ActiveCfg = Debug|Any CPU
		{1067E99F-ED05-4CC6-B951-E96970C199EB}.Debug|Any CPU.Build.0 = Debug|Any CPU
		{1067E99F-ED05-4CC6-B951-E96970C199EB}.Release|Any CPU.ActiveCfg = Release|Any CPU
		{1067E99F-ED05-4CC6-B951-E96970C199EB}.Release|Any CPU.Build.0 = Release|Any CPU
	EndGlobalSection
	GlobalSection(SolutionProperties) = preSolution
		HideSolutionNode = FALSE
	EndGlobalSection
	GlobalSection(ExtensibilityGlobals) = postSolution
		SolutionGuid = {ACEC7E23-6646-4BBF-9355-6E23508B883E}
	EndGlobalSection
EndGlobal
