
Microsoft Visual Studio Solution File, Format Version 12.00
# Visual Studio Version 16
VisualStudioVersion = 16.0.30320.27
MinimumVisualStudioVersion = 10.0.40219.1
Project("{FAE04EC0-301F-11D3-BF4B-00C04F79EFBC}") = "CalcRAreaByAbstractClass", "CalcRAreaByAbstractClass\CalcRAreaByAbstractClass.csproj", "{7DEE6906-33B4-4F58-886B-1557968269F8}"
EndProject
Global
	GlobalSection(SolutionConfigurationPlatforms) = preSolution
		Debug|Any CPU = Debug|Any CPU
		Release|Any CPU = Release|Any CPU
	EndGlobalSection
	GlobalSection(ProjectConfigurationPlatforms) = postSolution
		{7DEE6906-33B4-4F58-886B-1557968269F8}.Debug|Any CPU.ActiveCfg = Debug|Any CPU
		{7DEE6906-33B4-4F58-886B-1557968269F8}.Debug|Any CPU.Build.0 = Debug|Any CPU
		{7DEE6906-33B4-4F58-886B-1557968269F8}.Release|Any CPU.ActiveCfg = Release|Any CPU
		{7DEE6906-33B4-4F58-886B-1557968269F8}.Release|Any CPU.Build.0 = Release|Any CPU
	EndGlobalSection
	GlobalSection(SolutionProperties) = preSolution
		HideSolutionNode = FALSE
	EndGlobalSection
	GlobalSection(ExtensibilityGlobals) = postSolution
		SolutionGuid = {5745C805-02A5-45F3-BE9C-145C2A5685C4}
	EndGlobalSection
EndGlobal
