
Microsoft Visual Studio Solution File, Format Version 12.00
# Visual Studio Version 16
VisualStudioVersion = 16.0.30320.27
MinimumVisualStudioVersion = 10.0.40219.1
Project("{FAE04EC0-301F-11D3-BF4B-00C04F79EFBC}") = "035ToUpperOrLower", "035ToUpperOrLower\035ToUpperOrLower.csproj", "{025FDD19-794B-4F9D-80CA-819832780246}"
EndProject
Global
	GlobalSection(SolutionConfigurationPlatforms) = preSolution
		Debug|Any CPU = Debug|Any CPU
		Release|Any CPU = Release|Any CPU
	EndGlobalSection
	GlobalSection(ProjectConfigurationPlatforms) = postSolution
		{025FDD19-794B-4F9D-80CA-819832780246}.Debug|Any CPU.ActiveCfg = Debug|Any CPU
		{025FDD19-794B-4F9D-80CA-819832780246}.Debug|Any CPU.Build.0 = Debug|Any CPU
		{025FDD19-794B-4F9D-80CA-819832780246}.Release|Any CPU.ActiveCfg = Release|Any CPU
		{025FDD19-794B-4F9D-80CA-819832780246}.Release|Any CPU.Build.0 = Release|Any CPU
	EndGlobalSection
	GlobalSection(SolutionProperties) = preSolution
		HideSolutionNode = FALSE
	EndGlobalSection
	GlobalSection(ExtensibilityGlobals) = postSolution
		SolutionGuid = {134C1C16-238B-4843-98E2-7DA467C3ED4B}
	EndGlobalSection
EndGlobal
